
Microsoft Visual Studio Solution File, Format Version 12.00
Project("{FAE04EC0-301F-11D3-BF4B-00C04F79EFBC}") = "WindowChromeMultiscreen.UI", "src\WindowChromeMultiscreen.UI\WindowChromeMultiscreen.UI.csproj", "{C153CBDC-4093-4905-8B52-F81BF03834D1}"
EndProject
Global
	GlobalSection(SolutionConfigurationPlatforms) = preSolution
		Debug|Any CPU = Debug|Any CPU
		Release|Any CPU = Release|Any CPU
	EndGlobalSection
	GlobalSection(ProjectConfigurationPlatforms) = postSolution
		{C153CBDC-4093-4905-8B52-F81BF03834D1}.Debug|Any CPU.ActiveCfg = Debug|Any CPU
		{C153CBDC-4093-4905-8B52-F81BF03834D1}.Debug|Any CPU.Build.0 = Debug|Any CPU
		{C153CBDC-4093-4905-8B52-F81BF03834D1}.Release|Any CPU.ActiveCfg = Release|Any CPU
		{C153CBDC-4093-4905-8B52-F81BF03834D1}.Release|Any CPU.Build.0 = Release|Any CPU
	EndGlobalSection
EndGlobal
