
Microsoft Visual Studio Solution File, Format Version 12.00
# Visual Studio Version 17
VisualStudioVersion = 17.7.34221.43
MinimumVisualStudioVersion = 10.0.40219.1
Project("{9A19103F-16F7-4668-BE54-9A1E7A4F7556}") = "WindowChromeMultiscreen.UI", "src\WindowChromeMultiscreen.UI\WindowChromeMultiscreen.UI.csproj", "{C153CBDC-4093-4905-8B52-F81BF03834D1}"
EndProject
Project("{2150E333-8FDC-42A3-9474-1A3956D46DE8}") = "Solution Items", "Solution Items", "{119E729B-B44D-4991-AF23-4A3E5CB2E5B2}"
	ProjectSection(SolutionItems) = preProject
		LICENSE = LICENSE
		README.md = README.md
		Settings.XamlStyler = Settings.XamlStyler
	EndProjectSection
EndProject
Global
	GlobalSection(SolutionConfigurationPlatforms) = preSolution
		Debug|Any CPU = Debug|Any CPU
		Release|Any CPU = Release|Any CPU
	EndGlobalSection
	GlobalSection(ProjectConfigurationPlatforms) = postSolution
		{C153CBDC-4093-4905-8B52-F81BF03834D1}.Debug|Any CPU.ActiveCfg = Debug|Any CPU
		{C153CBDC-4093-4905-8B52-F81BF03834D1}.Debug|Any CPU.Build.0 = Debug|Any CPU
		{C153CBDC-4093-4905-8B52-F81BF03834D1}.Release|Any CPU.ActiveCfg = Release|Any CPU
		{C153CBDC-4093-4905-8B52-F81BF03834D1}.Release|Any CPU.Build.0 = Release|Any CPU
	EndGlobalSection
	GlobalSection(SolutionProperties) = preSolution
		HideSolutionNode = FALSE
	EndGlobalSection
	GlobalSection(ExtensibilityGlobals) = postSolution
		SolutionGuid = {B125548E-1C40-46CF-AAE3-0EC29CECD79E}
	EndGlobalSection
EndGlobal
